
Microsoft Visual Studio Solution File, Format Version 12.00
# Visual Studio Version 17
VisualStudioVersion = 17.8.34511.84
MinimumVisualStudioVersion = 10.0.40219.1
Project("{8BC9CEB8-8B4A-11D0-8D11-00A0C91BC942}") = "Generate Magic Bitboards", "src\Generate Magic Bitboards\Find Magic Bitboards.vcxproj", "{32179276-1ABF-4060-AB54-A1C77E0754CD}"
EndProject
Project("{8BC9CEB8-8B4A-11D0-8D11-00A0C91BC942}") = "ChessEngine", "src\ChessEngine.vcxproj", "{5CD1A975-7BED-4ED5-BABD-C39F4A1DA888}"
EndProject
Project("{8BC9CEB8-8B4A-11D0-8D11-00A0C91BC942}") = "PerftTest", "tests\PerftTest\PerftTest.vcxproj", "{BF76827B-8D5D-4888-872B-78C2A9C16E1B}"
EndProject
Project("{8BC9CEB8-8B4A-11D0-8D11-00A0C91BC942}") = "UnitTest", "tests\UnitTest\UnitTest.vcxproj", "{80EE220A-A5BF-471A-B52D-E2D331488AC4}"
EndProject
Global
	GlobalSection(SolutionConfigurationPlatforms) = preSolution
		Debug|x64 = Debug|x64
		Debug|x86 = Debug|x86
		Release|x64 = Release|x64
		Release|x86 = Release|x86
	EndGlobalSection
	GlobalSection(ProjectConfigurationPlatforms) = postSolution
		{32179276-1ABF-4060-AB54-A1C77E0754CD}.Debug|x64.ActiveCfg = Debug|x64
		{32179276-1ABF-4060-AB54-A1C77E0754CD}.Debug|x64.Build.0 = Debug|x64
		{32179276-1ABF-4060-AB54-A1C77E0754CD}.Debug|x86.ActiveCfg = Debug|Win32
		{32179276-1ABF-4060-AB54-A1C77E0754CD}.Debug|x86.Build.0 = Debug|Win32
		{32179276-1ABF-4060-AB54-A1C77E0754CD}.Release|x64.ActiveCfg = Release|x64
		{32179276-1ABF-4060-AB54-A1C77E0754CD}.Release|x64.Build.0 = Release|x64
		{32179276-1ABF-4060-AB54-A1C77E0754CD}.Release|x86.ActiveCfg = Release|Win32
		{32179276-1ABF-4060-AB54-A1C77E0754CD}.Release|x86.Build.0 = Release|Win32
		{5CD1A975-7BED-4ED5-BABD-C39F4A1DA888}.Debug|x64.ActiveCfg = Debug|x64
		{5CD1A975-7BED-4ED5-BABD-C39F4A1DA888}.Debug|x64.Build.0 = Debug|x64
		{5CD1A975-7BED-4ED5-BABD-C39F4A1DA888}.Debug|x86.ActiveCfg = Debug|Win32
		{5CD1A975-7BED-4ED5-BABD-C39F4A1DA888}.Debug|x86.Build.0 = Debug|Win32
		{5CD1A975-7BED-4ED5-BABD-C39F4A1DA888}.Release|x64.ActiveCfg = Release|x64
		{5CD1A975-7BED-4ED5-BABD-C39F4A1DA888}.Release|x64.Build.0 = Release|x64
		{5CD1A975-7BED-4ED5-BABD-C39F4A1DA888}.Release|x86.ActiveCfg = Release|Win32
		{5CD1A975-7BED-4ED5-BABD-C39F4A1DA888}.Release|x86.Build.0 = Release|Win32
		{BF76827B-8D5D-4888-872B-78C2A9C16E1B}.Debug|x64.ActiveCfg = Debug|x64
		{BF76827B-8D5D-4888-872B-78C2A9C16E1B}.Debug|x64.Build.0 = Debug|x64
		{BF76827B-8D5D-4888-872B-78C2A9C16E1B}.Debug|x86.ActiveCfg = Debug|Win32
		{BF76827B-8D5D-4888-872B-78C2A9C16E1B}.Debug|x86.Build.0 = Debug|Win32
		{BF76827B-8D5D-4888-872B-78C2A9C16E1B}.Release|x64.ActiveCfg = Release|x64
		{BF76827B-8D5D-4888-872B-78C2A9C16E1B}.Release|x64.Build.0 = Release|x64
		{BF76827B-8D5D-4888-872B-78C2A9C16E1B}.Release|x86.ActiveCfg = Release|Win32
		{BF76827B-8D5D-4888-872B-78C2A9C16E1B}.Release|x86.Build.0 = Release|Win32
		{80EE220A-A5BF-471A-B52D-E2D331488AC4}.Debug|x64.ActiveCfg = Debug|x64
		{80EE220A-A5BF-471A-B52D-E2D331488AC4}.Debug|x64.Build.0 = Debug|x64
		{80EE220A-A5BF-471A-B52D-E2D331488AC4}.Debug|x86.ActiveCfg = Debug|Win32
		{80EE220A-A5BF-471A-B52D-E2D331488AC4}.Debug|x86.Build.0 = Debug|Win32
		{80EE220A-A5BF-471A-B52D-E2D331488AC4}.Release|x64.ActiveCfg = Release|x64
		{80EE220A-A5BF-471A-B52D-E2D331488AC4}.Release|x64.Build.0 = Release|x64
		{80EE220A-A5BF-471A-B52D-E2D331488AC4}.Release|x86.ActiveCfg = Release|Win32
		{80EE220A-A5BF-471A-B52D-E2D331488AC4}.Release|x86.Build.0 = Release|Win32
	EndGlobalSection
	GlobalSection(SolutionProperties) = preSolution
		HideSolutionNode = FALSE
	EndGlobalSection
	GlobalSection(ExtensibilityGlobals) = postSolution
		SolutionGuid = {61F11DC0-0C02-4B3C-BECF-D3C2727586AD}
	EndGlobalSection
EndGlobal
